
Microsoft Visual Studio Solution File, Format Version 12.00
#
Project("{FAE04EC0-301F-11D3-BF4B-00C04F79EFBC}") = "ChessWebApp.UI", "ChessWebApp.UI\ChessWebApp.UI.csproj", "{664667FD-E014-499E-8EC4-9209CF7E8729}"
EndProject
Project("{FAE04EC0-301F-11D3-BF4B-00C04F79EFBC}") = "ChessWebApp.ChessLogic", "ChessWebApp.ChessLogic\ChessWebApp.ChessLogic.csproj", "{04370DAB-A811-4412-8042-B1191FFFFBAC}"
EndProject
Project("{FAE04EC0-301F-11D3-BF4B-00C04F79EFBC}") = "ChessWebApp.DbApi", "ChessWebApp.DbApi\ChessWebApp.DbApi.csproj", "{90095694-B9C7-413B-A64F-15D4ECC884CF}"
EndProject
Project("{FAE04EC0-301F-11D3-BF4B-00C04F79EFBC}") = "ChessWebApp.Shared", "ChessWebApp.Shared\ChessWebApp.Shared.csproj", "{19111065-FC78-4B24-BF51-7F9AF055EFAB}"
EndProject
Global
	GlobalSection(SolutionConfigurationPlatforms) = preSolution
		Debug|Any CPU = Debug|Any CPU
		Release|Any CPU = Release|Any CPU
	EndGlobalSection
	GlobalSection(ProjectConfigurationPlatforms) = postSolution
		{664667FD-E014-499E-8EC4-9209CF7E8729}.Debug|Any CPU.ActiveCfg = Debug|Any CPU
		{664667FD-E014-499E-8EC4-9209CF7E8729}.Debug|Any CPU.Build.0 = Debug|Any CPU
		{664667FD-E014-499E-8EC4-9209CF7E8729}.Release|Any CPU.ActiveCfg = Release|Any CPU
		{664667FD-E014-499E-8EC4-9209CF7E8729}.Release|Any CPU.Build.0 = Release|Any CPU
		{04370DAB-A811-4412-8042-B1191FFFFBAC}.Debug|Any CPU.ActiveCfg = Debug|Any CPU
		{04370DAB-A811-4412-8042-B1191FFFFBAC}.Debug|Any CPU.Build.0 = Debug|Any CPU
		{04370DAB-A811-4412-8042-B1191FFFFBAC}.Release|Any CPU.ActiveCfg = Release|Any CPU
		{04370DAB-A811-4412-8042-B1191FFFFBAC}.Release|Any CPU.Build.0 = Release|Any CPU
		{90095694-B9C7-413B-A64F-15D4ECC884CF}.Debug|Any CPU.ActiveCfg = Debug|Any CPU
		{90095694-B9C7-413B-A64F-15D4ECC884CF}.Debug|Any CPU.Build.0 = Debug|Any CPU
		{90095694-B9C7-413B-A64F-15D4ECC884CF}.Release|Any CPU.ActiveCfg = Release|Any CPU
		{90095694-B9C7-413B-A64F-15D4ECC884CF}.Release|Any CPU.Build.0 = Release|Any CPU
		{19111065-FC78-4B24-BF51-7F9AF055EFAB}.Debug|Any CPU.ActiveCfg = Debug|Any CPU
		{19111065-FC78-4B24-BF51-7F9AF055EFAB}.Debug|Any CPU.Build.0 = Debug|Any CPU
		{19111065-FC78-4B24-BF51-7F9AF055EFAB}.Release|Any CPU.ActiveCfg = Release|Any CPU
		{19111065-FC78-4B24-BF51-7F9AF055EFAB}.Release|Any CPU.Build.0 = Release|Any CPU
	EndGlobalSection
EndGlobal
